
Microsoft Visual Studio Solution File, Format Version 12.00
# Visual Studio Version 17
VisualStudioVersion = 17.3.32804.467
MinimumVisualStudioVersion = 10.0.40219.1
Project("{8BC9CEB8-8B4A-11D0-8D11-00A0C91BC942}") = "Project1", "Project1\Project1.vcxproj", "{C9774D6E-DDA8-4095-87BB-FECA468D37E3}"
EndProject
Global
	GlobalSection(SolutionConfigurationPlatforms) = preSolution
		Debug|x64 = Debug|x64
		Debug|x86 = Debug|x86
		Release|x64 = Release|x64
		Release|x86 = Release|x86
	EndGlobalSection
	GlobalSection(ProjectConfigurationPlatforms) = postSolution
		{C9774D6E-DDA8-4095-87BB-FECA468D37E3}.Debug|x64.ActiveCfg = Debug|x64
		{C9774D6E-DDA8-4095-87BB-FECA468D37E3}.Debug|x64.Build.0 = Debug|x64
		{C9774D6E-DDA8-4095-87BB-FECA468D37E3}.Debug|x86.ActiveCfg = Debug|Win32
		{C9774D6E-DDA8-4095-87BB-FECA468D37E3}.Debug|x86.Build.0 = Debug|Win32
		{C9774D6E-DDA8-4095-87BB-FECA468D37E3}.Release|x64.ActiveCfg = Release|x64
		{C9774D6E-DDA8-4095-87BB-FECA468D37E3}.Release|x64.Build.0 = Release|x64
		{C9774D6E-DDA8-4095-87BB-FECA468D37E3}.Release|x86.ActiveCfg = Release|Win32
		{C9774D6E-DDA8-4095-87BB-FECA468D37E3}.Release|x86.Build.0 = Release|Win32
	EndGlobalSection
	GlobalSection(SolutionProperties) = preSolution
		HideSolutionNode = FALSE
	EndGlobalSection
	GlobalSection(ExtensibilityGlobals) = postSolution
		SolutionGuid = {46073B6C-1F43-40F5-A09C-21F73F0464E9}
	EndGlobalSection
EndGlobal
