
Microsoft Visual Studio Solution File, Format Version 12.00
# Visual Studio 15
VisualStudioVersion = 15.0.28307.1500
MinimumVisualStudioVersion = 10.0.40219.1
Project("{8BC9CEB8-8B4A-11D0-8D11-00A0C91BC942}") = "深拷贝中的自我赋值问题", "深拷贝中的自我赋值问题\深拷贝中的自我赋值问题.vcxproj", "{18C485C8-1C4B-4B32-AED3-525F40DEAE3C}"
EndProject
Global
	GlobalSection(SolutionConfigurationPlatforms) = preSolution
		Debug|x64 = Debug|x64
		Debug|x86 = Debug|x86
		Release|x64 = Release|x64
		Release|x86 = Release|x86
	EndGlobalSection
	GlobalSection(ProjectConfigurationPlatforms) = postSolution
		{18C485C8-1C4B-4B32-AED3-525F40DEAE3C}.Debug|x64.ActiveCfg = Debug|x64
		{18C485C8-1C4B-4B32-AED3-525F40DEAE3C}.Debug|x64.Build.0 = Debug|x64
		{18C485C8-1C4B-4B32-AED3-525F40DEAE3C}.Debug|x86.ActiveCfg = Debug|Win32
		{18C485C8-1C4B-4B32-AED3-525F40DEAE3C}.Debug|x86.Build.0 = Debug|Win32
		{18C485C8-1C4B-4B32-AED3-525F40DEAE3C}.Release|x64.ActiveCfg = Release|x64
		{18C485C8-1C4B-4B32-AED3-525F40DEAE3C}.Release|x64.Build.0 = Release|x64
		{18C485C8-1C4B-4B32-AED3-525F40DEAE3C}.Release|x86.ActiveCfg = Release|Win32
		{18C485C8-1C4B-4B32-AED3-525F40DEAE3C}.Release|x86.Build.0 = Release|Win32
	EndGlobalSection
	GlobalSection(SolutionProperties) = preSolution
		HideSolutionNode = FALSE
	EndGlobalSection
	GlobalSection(ExtensibilityGlobals) = postSolution
		SolutionGuid = {9F55A04E-CF73-45A6-A671-26B97FE791C8}
	EndGlobalSection
EndGlobal
