
Microsoft Visual Studio Solution File, Format Version 12.00
# Visual Studio Version 17
VisualStudioVersion = 17.3.32804.467
MinimumVisualStudioVersion = 10.0.40219.1
Project("{8BC9CEB8-8B4A-11D0-8D11-00A0C91BC942}") = "const成员函数修改自定义类型的成员", "const成员函数修改自定义类型的成员\const成员函数修改自定义类型的成员.vcxproj", "{9C875B11-7282-4862-B273-89C21900FE15}"
EndProject
Global
	GlobalSection(SolutionConfigurationPlatforms) = preSolution
		Debug|x64 = Debug|x64
		Debug|x86 = Debug|x86
		Release|x64 = Release|x64
		Release|x86 = Release|x86
	EndGlobalSection
	GlobalSection(ProjectConfigurationPlatforms) = postSolution
		{9C875B11-7282-4862-B273-89C21900FE15}.Debug|x64.ActiveCfg = Debug|x64
		{9C875B11-7282-4862-B273-89C21900FE15}.Debug|x64.Build.0 = Debug|x64
		{9C875B11-7282-4862-B273-89C21900FE15}.Debug|x86.ActiveCfg = Debug|Win32
		{9C875B11-7282-4862-B273-89C21900FE15}.Debug|x86.Build.0 = Debug|Win32
		{9C875B11-7282-4862-B273-89C21900FE15}.Release|x64.ActiveCfg = Release|x64
		{9C875B11-7282-4862-B273-89C21900FE15}.Release|x64.Build.0 = Release|x64
		{9C875B11-7282-4862-B273-89C21900FE15}.Release|x86.ActiveCfg = Release|Win32
		{9C875B11-7282-4862-B273-89C21900FE15}.Release|x86.Build.0 = Release|Win32
	EndGlobalSection
	GlobalSection(SolutionProperties) = preSolution
		HideSolutionNode = FALSE
	EndGlobalSection
	GlobalSection(ExtensibilityGlobals) = postSolution
		SolutionGuid = {18144928-409A-4FF8-B77C-4C3260AC176A}
	EndGlobalSection
EndGlobal
