
Microsoft Visual Studio Solution File, Format Version 12.00
# Visual Studio Version 17
VisualStudioVersion = 17.3.32804.467
MinimumVisualStudioVersion = 10.0.40219.1
Project("{8BC9CEB8-8B4A-11D0-8D11-00A0C91BC942}") = "力扣", "力扣\力扣.vcxproj", "{F8BABA7C-5AFB-40DE-94C5-711BE39F2773}"
EndProject
Project("{8BC9CEB8-8B4A-11D0-8D11-00A0C91BC942}") = "有效的括号", "有效的括号\有效的括号.vcxproj", "{8253B657-BD9B-45FE-863B-88F8C0268F3D}"
EndProject
Project("{8BC9CEB8-8B4A-11D0-8D11-00A0C91BC942}") = "合并两个有序链表", "合并两个有序链表\合并两个有序链表.vcxproj", "{D72739C5-0ECF-4A58-8E17-1BD99913CE39}"
EndProject
Project("{8BC9CEB8-8B4A-11D0-8D11-00A0C91BC942}") = "相交链表", "相交链表\相交链表.vcxproj", "{93538F45-5771-4A5E-B650-6CFBEC44014D}"
EndProject
Project("{8BC9CEB8-8B4A-11D0-8D11-00A0C91BC942}") = "翻转二叉树", "翻转二叉树\翻转二叉树.vcxproj", "{9FC19622-8CB4-4E85-B944-F2F1E036C457}"
EndProject
Project("{8BC9CEB8-8B4A-11D0-8D11-00A0C91BC942}") = "二叉树的直径", "二叉树的直径\二叉树的直径.vcxproj", "{3FAEBB17-CD64-4D1D-A9AE-FE6959FE24A8}"
EndProject
Project("{8BC9CEB8-8B4A-11D0-8D11-00A0C91BC942}") = "合并二叉树", "合并二叉树\合并二叉树.vcxproj", "{141E1217-7478-4224-967F-914BE2F91840}"
EndProject
Project("{8BC9CEB8-8B4A-11D0-8D11-00A0C91BC942}") = "三数之和", "三数之和\三数之和.vcxproj", "{C8886E3E-68E2-402C-B132-6FE88A924E28}"
EndProject
Project("{8BC9CEB8-8B4A-11D0-8D11-00A0C91BC942}") = "电话号码的组合", "电话号码的组合\电话号码的组合.vcxproj", "{851DCA20-5911-4DFD-AE67-2FFF8671A172}"
EndProject
Project("{8BC9CEB8-8B4A-11D0-8D11-00A0C91BC942}") = "跳跃游戏", "跳跃游戏\跳跃游戏.vcxproj", "{8069EBB7-1EC8-40DC-9139-FDA278022AF9}"
EndProject
Project("{8BC9CEB8-8B4A-11D0-8D11-00A0C91BC942}") = "任务调度器", "任务调度器\任务调度器.vcxproj", "{105836BA-FAC4-45BE-A4DE-F08295325C74}"
EndProject
Project("{8BC9CEB8-8B4A-11D0-8D11-00A0C91BC942}") = "二维机器人", "二维机器人\二维机器人.vcxproj", "{1116A7C9-81F2-40C7-ACE8-A8E060F08049}"
EndProject
Project("{8BC9CEB8-8B4A-11D0-8D11-00A0C91BC942}") = "单词拆分", "单词拆分\单词拆分.vcxproj", "{F931024A-BA72-4410-B413-877FD0BDD76B}"
EndProject
Project("{8BC9CEB8-8B4A-11D0-8D11-00A0C91BC942}") = "第K大的数", "第K大的数\第K大的数.vcxproj", "{0544BB9C-7E72-4DEB-92EA-BA12E26F8846}"
EndProject
Global
	GlobalSection(SolutionConfigurationPlatforms) = preSolution
		Debug|x64 = Debug|x64
		Debug|x86 = Debug|x86
		Release|x64 = Release|x64
		Release|x86 = Release|x86
	EndGlobalSection
	GlobalSection(ProjectConfigurationPlatforms) = postSolution
		{F8BABA7C-5AFB-40DE-94C5-711BE39F2773}.Debug|x64.ActiveCfg = Debug|x64
		{F8BABA7C-5AFB-40DE-94C5-711BE39F2773}.Debug|x64.Build.0 = Debug|x64
		{F8BABA7C-5AFB-40DE-94C5-711BE39F2773}.Debug|x86.ActiveCfg = Debug|Win32
		{F8BABA7C-5AFB-40DE-94C5-711BE39F2773}.Debug|x86.Build.0 = Debug|Win32
		{F8BABA7C-5AFB-40DE-94C5-711BE39F2773}.Release|x64.ActiveCfg = Release|x64
		{F8BABA7C-5AFB-40DE-94C5-711BE39F2773}.Release|x64.Build.0 = Release|x64
		{F8BABA7C-5AFB-40DE-94C5-711BE39F2773}.Release|x86.ActiveCfg = Release|Win32
		{F8BABA7C-5AFB-40DE-94C5-711BE39F2773}.Release|x86.Build.0 = Release|Win32
		{8253B657-BD9B-45FE-863B-88F8C0268F3D}.Debug|x64.ActiveCfg = Debug|x64
		{8253B657-BD9B-45FE-863B-88F8C0268F3D}.Debug|x64.Build.0 = Debug|x64
		{8253B657-BD9B-45FE-863B-88F8C0268F3D}.Debug|x86.ActiveCfg = Debug|Win32
		{8253B657-BD9B-45FE-863B-88F8C0268F3D}.Debug|x86.Build.0 = Debug|Win32
		{8253B657-BD9B-45FE-863B-88F8C0268F3D}.Release|x64.ActiveCfg = Release|x64
		{8253B657-BD9B-45FE-863B-88F8C0268F3D}.Release|x64.Build.0 = Release|x64
		{8253B657-BD9B-45FE-863B-88F8C0268F3D}.Release|x86.ActiveCfg = Release|Win32
		{8253B657-BD9B-45FE-863B-88F8C0268F3D}.Release|x86.Build.0 = Release|Win32
		{D72739C5-0ECF-4A58-8E17-1BD99913CE39}.Debug|x64.ActiveCfg = Debug|x64
		{D72739C5-0ECF-4A58-8E17-1BD99913CE39}.Debug|x64.Build.0 = Debug|x64
		{D72739C5-0ECF-4A58-8E17-1BD99913CE39}.Debug|x86.ActiveCfg = Debug|Win32
		{D72739C5-0ECF-4A58-8E17-1BD99913CE39}.Debug|x86.Build.0 = Debug|Win32
		{D72739C5-0ECF-4A58-8E17-1BD99913CE39}.Release|x64.ActiveCfg = Release|x64
		{D72739C5-0ECF-4A58-8E17-1BD99913CE39}.Release|x64.Build.0 = Release|x64
		{D72739C5-0ECF-4A58-8E17-1BD99913CE39}.Release|x86.ActiveCfg = Release|Win32
		{D72739C5-0ECF-4A58-8E17-1BD99913CE39}.Release|x86.Build.0 = Release|Win32
		{93538F45-5771-4A5E-B650-6CFBEC44014D}.Debug|x64.ActiveCfg = Debug|x64
		{93538F45-5771-4A5E-B650-6CFBEC44014D}.Debug|x64.Build.0 = Debug|x64
		{93538F45-5771-4A5E-B650-6CFBEC44014D}.Debug|x86.ActiveCfg = Debug|Win32
		{93538F45-5771-4A5E-B650-6CFBEC44014D}.Debug|x86.Build.0 = Debug|Win32
		{93538F45-5771-4A5E-B650-6CFBEC44014D}.Release|x64.ActiveCfg = Release|x64
		{93538F45-5771-4A5E-B650-6CFBEC44014D}.Release|x64.Build.0 = Release|x64
		{93538F45-5771-4A5E-B650-6CFBEC44014D}.Release|x86.ActiveCfg = Release|Win32
		{93538F45-5771-4A5E-B650-6CFBEC44014D}.Release|x86.Build.0 = Release|Win32
		{9FC19622-8CB4-4E85-B944-F2F1E036C457}.Debug|x64.ActiveCfg = Debug|x64
		{9FC19622-8CB4-4E85-B944-F2F1E036C457}.Debug|x64.Build.0 = Debug|x64
		{9FC19622-8CB4-4E85-B944-F2F1E036C457}.Debug|x86.ActiveCfg = Debug|Win32
		{9FC19622-8CB4-4E85-B944-F2F1E036C457}.Debug|x86.Build.0 = Debug|Win32
		{9FC19622-8CB4-4E85-B944-F2F1E036C457}.Release|x64.ActiveCfg = Release|x64
		{9FC19622-8CB4-4E85-B944-F2F1E036C457}.Release|x64.Build.0 = Release|x64
		{9FC19622-8CB4-4E85-B944-F2F1E036C457}.Release|x86.ActiveCfg = Release|Win32
		{9FC19622-8CB4-4E85-B944-F2F1E036C457}.Release|x86.Build.0 = Release|Win32
		{3FAEBB17-CD64-4D1D-A9AE-FE6959FE24A8}.Debug|x64.ActiveCfg = Debug|x64
		{3FAEBB17-CD64-4D1D-A9AE-FE6959FE24A8}.Debug|x64.Build.0 = Debug|x64
		{3FAEBB17-CD64-4D1D-A9AE-FE6959FE24A8}.Debug|x86.ActiveCfg = Debug|Win32
		{3FAEBB17-CD64-4D1D-A9AE-FE6959FE24A8}.Debug|x86.Build.0 = Debug|Win32
		{3FAEBB17-CD64-4D1D-A9AE-FE6959FE24A8}.Release|x64.ActiveCfg = Release|x64
		{3FAEBB17-CD64-4D1D-A9AE-FE6959FE24A8}.Release|x64.Build.0 = Release|x64
		{3FAEBB17-CD64-4D1D-A9AE-FE6959FE24A8}.Release|x86.ActiveCfg = Release|Win32
		{3FAEBB17-CD64-4D1D-A9AE-FE6959FE24A8}.Release|x86.Build.0 = Release|Win32
		{141E1217-7478-4224-967F-914BE2F91840}.Debug|x64.ActiveCfg = Debug|x64
		{141E1217-7478-4224-967F-914BE2F91840}.Debug|x64.Build.0 = Debug|x64
		{141E1217-7478-4224-967F-914BE2F91840}.Debug|x86.ActiveCfg = Debug|Win32
		{141E1217-7478-4224-967F-914BE2F91840}.Debug|x86.Build.0 = Debug|Win32
		{141E1217-7478-4224-967F-914BE2F91840}.Release|x64.ActiveCfg = Release|x64
		{141E1217-7478-4224-967F-914BE2F91840}.Release|x64.Build.0 = Release|x64
		{141E1217-7478-4224-967F-914BE2F91840}.Release|x86.ActiveCfg = Release|Win32
		{141E1217-7478-4224-967F-914BE2F91840}.Release|x86.Build.0 = Release|Win32
		{C8886E3E-68E2-402C-B132-6FE88A924E28}.Debug|x64.ActiveCfg = Debug|x64
		{C8886E3E-68E2-402C-B132-6FE88A924E28}.Debug|x64.Build.0 = Debug|x64
		{C8886E3E-68E2-402C-B132-6FE88A924E28}.Debug|x86.ActiveCfg = Debug|Win32
		{C8886E3E-68E2-402C-B132-6FE88A924E28}.Debug|x86.Build.0 = Debug|Win32
		{C8886E3E-68E2-402C-B132-6FE88A924E28}.Release|x64.ActiveCfg = Release|x64
		{C8886E3E-68E2-402C-B132-6FE88A924E28}.Release|x64.Build.0 = Release|x64
		{C8886E3E-68E2-402C-B132-6FE88A924E28}.Release|x86.ActiveCfg = Release|Win32
		{C8886E3E-68E2-402C-B132-6FE88A924E28}.Release|x86.Build.0 = Release|Win32
		{851DCA20-5911-4DFD-AE67-2FFF8671A172}.Debug|x64.ActiveCfg = Debug|x64
		{851DCA20-5911-4DFD-AE67-2FFF8671A172}.Debug|x64.Build.0 = Debug|x64
		{851DCA20-5911-4DFD-AE67-2FFF8671A172}.Debug|x86.ActiveCfg = Debug|Win32
		{851DCA20-5911-4DFD-AE67-2FFF8671A172}.Debug|x86.Build.0 = Debug|Win32
		{851DCA20-5911-4DFD-AE67-2FFF8671A172}.Release|x64.ActiveCfg = Release|x64
		{851DCA20-5911-4DFD-AE67-2FFF8671A172}.Release|x64.Build.0 = Release|x64
		{851DCA20-5911-4DFD-AE67-2FFF8671A172}.Release|x86.ActiveCfg = Release|Win32
		{851DCA20-5911-4DFD-AE67-2FFF8671A172}.Release|x86.Build.0 = Release|Win32
		{8069EBB7-1EC8-40DC-9139-FDA278022AF9}.Debug|x64.ActiveCfg = Debug|x64
		{8069EBB7-1EC8-40DC-9139-FDA278022AF9}.Debug|x64.Build.0 = Debug|x64
		{8069EBB7-1EC8-40DC-9139-FDA278022AF9}.Debug|x86.ActiveCfg = Debug|Win32
		{8069EBB7-1EC8-40DC-9139-FDA278022AF9}.Debug|x86.Build.0 = Debug|Win32
		{8069EBB7-1EC8-40DC-9139-FDA278022AF9}.Release|x64.ActiveCfg = Release|x64
		{8069EBB7-1EC8-40DC-9139-FDA278022AF9}.Release|x64.Build.0 = Release|x64
		{8069EBB7-1EC8-40DC-9139-FDA278022AF9}.Release|x86.ActiveCfg = Release|Win32
		{8069EBB7-1EC8-40DC-9139-FDA278022AF9}.Release|x86.Build.0 = Release|Win32
		{105836BA-FAC4-45BE-A4DE-F08295325C74}.Debug|x64.ActiveCfg = Debug|x64
		{105836BA-FAC4-45BE-A4DE-F08295325C74}.Debug|x64.Build.0 = Debug|x64
		{105836BA-FAC4-45BE-A4DE-F08295325C74}.Debug|x86.ActiveCfg = Debug|Win32
		{105836BA-FAC4-45BE-A4DE-F08295325C74}.Debug|x86.Build.0 = Debug|Win32
		{105836BA-FAC4-45BE-A4DE-F08295325C74}.Release|x64.ActiveCfg = Release|x64
		{105836BA-FAC4-45BE-A4DE-F08295325C74}.Release|x64.Build.0 = Release|x64
		{105836BA-FAC4-45BE-A4DE-F08295325C74}.Release|x86.ActiveCfg = Release|Win32
		{105836BA-FAC4-45BE-A4DE-F08295325C74}.Release|x86.Build.0 = Release|Win32
		{1116A7C9-81F2-40C7-ACE8-A8E060F08049}.Debug|x64.ActiveCfg = Debug|x64
		{1116A7C9-81F2-40C7-ACE8-A8E060F08049}.Debug|x64.Build.0 = Debug|x64
		{1116A7C9-81F2-40C7-ACE8-A8E060F08049}.Debug|x86.ActiveCfg = Debug|Win32
		{1116A7C9-81F2-40C7-ACE8-A8E060F08049}.Debug|x86.Build.0 = Debug|Win32
		{1116A7C9-81F2-40C7-ACE8-A8E060F08049}.Release|x64.ActiveCfg = Release|x64
		{1116A7C9-81F2-40C7-ACE8-A8E060F08049}.Release|x64.Build.0 = Release|x64
		{1116A7C9-81F2-40C7-ACE8-A8E060F08049}.Release|x86.ActiveCfg = Release|Win32
		{1116A7C9-81F2-40C7-ACE8-A8E060F08049}.Release|x86.Build.0 = Release|Win32
		{F931024A-BA72-4410-B413-877FD0BDD76B}.Debug|x64.ActiveCfg = Debug|x64
		{F931024A-BA72-4410-B413-877FD0BDD76B}.Debug|x64.Build.0 = Debug|x64
		{F931024A-BA72-4410-B413-877FD0BDD76B}.Debug|x86.ActiveCfg = Debug|Win32
		{F931024A-BA72-4410-B413-877FD0BDD76B}.Debug|x86.Build.0 = Debug|Win32
		{F931024A-BA72-4410-B413-877FD0BDD76B}.Release|x64.ActiveCfg = Release|x64
		{F931024A-BA72-4410-B413-877FD0BDD76B}.Release|x64.Build.0 = Release|x64
		{F931024A-BA72-4410-B413-877FD0BDD76B}.Release|x86.ActiveCfg = Release|Win32
		{F931024A-BA72-4410-B413-877FD0BDD76B}.Release|x86.Build.0 = Release|Win32
		{0544BB9C-7E72-4DEB-92EA-BA12E26F8846}.Debug|x64.ActiveCfg = Debug|x64
		{0544BB9C-7E72-4DEB-92EA-BA12E26F8846}.Debug|x64.Build.0 = Debug|x64
		{0544BB9C-7E72-4DEB-92EA-BA12E26F8846}.Debug|x86.ActiveCfg = Debug|Win32
		{0544BB9C-7E72-4DEB-92EA-BA12E26F8846}.Debug|x86.Build.0 = Debug|Win32
		{0544BB9C-7E72-4DEB-92EA-BA12E26F8846}.Release|x64.ActiveCfg = Release|x64
		{0544BB9C-7E72-4DEB-92EA-BA12E26F8846}.Release|x64.Build.0 = Release|x64
		{0544BB9C-7E72-4DEB-92EA-BA12E26F8846}.Release|x86.ActiveCfg = Release|Win32
		{0544BB9C-7E72-4DEB-92EA-BA12E26F8846}.Release|x86.Build.0 = Release|Win32
	EndGlobalSection
	GlobalSection(SolutionProperties) = preSolution
		HideSolutionNode = FALSE
	EndGlobalSection
	GlobalSection(ExtensibilityGlobals) = postSolution
		SolutionGuid = {05330DC4-405B-42C7-AB82-B3DCFBA612D1}
	EndGlobalSection
EndGlobal
