
Microsoft Visual Studio Solution File, Format Version 12.00
# Visual Studio 15
VisualStudioVersion = 15.0.28307.1500
MinimumVisualStudioVersion = 10.0.40219.1
Project("{8BC9CEB8-8B4A-11D0-8D11-00A0C91BC942}") = "static", "static\static.vcxproj", "{A73D31B6-4810-4A4F-A719-333EFE96D0F8}"
EndProject
Global
	GlobalSection(SolutionConfigurationPlatforms) = preSolution
		Debug|x64 = Debug|x64
		Debug|x86 = Debug|x86
		Release|x64 = Release|x64
		Release|x86 = Release|x86
	EndGlobalSection
	GlobalSection(ProjectConfigurationPlatforms) = postSolution
		{A73D31B6-4810-4A4F-A719-333EFE96D0F8}.Debug|x64.ActiveCfg = Debug|x64
		{A73D31B6-4810-4A4F-A719-333EFE96D0F8}.Debug|x64.Build.0 = Debug|x64
		{A73D31B6-4810-4A4F-A719-333EFE96D0F8}.Debug|x86.ActiveCfg = Debug|Win32
		{A73D31B6-4810-4A4F-A719-333EFE96D0F8}.Debug|x86.Build.0 = Debug|Win32
		{A73D31B6-4810-4A4F-A719-333EFE96D0F8}.Release|x64.ActiveCfg = Release|x64
		{A73D31B6-4810-4A4F-A719-333EFE96D0F8}.Release|x64.Build.0 = Release|x64
		{A73D31B6-4810-4A4F-A719-333EFE96D0F8}.Release|x86.ActiveCfg = Release|Win32
		{A73D31B6-4810-4A4F-A719-333EFE96D0F8}.Release|x86.Build.0 = Release|Win32
	EndGlobalSection
	GlobalSection(SolutionProperties) = preSolution
		HideSolutionNode = FALSE
	EndGlobalSection
	GlobalSection(ExtensibilityGlobals) = postSolution
		SolutionGuid = {06834178-AB8B-47D5-B7DB-10EBB0363373}
	EndGlobalSection
EndGlobal
