
Microsoft Visual Studio Solution File, Format Version 12.00
# Visual Studio 15
VisualStudioVersion = 15.0.28307.1500
MinimumVisualStudioVersion = 10.0.40219.1
Project("{8BC9CEB8-8B4A-11D0-8D11-00A0C91BC942}") = "registerAndFill", "registerAndFill\registerAndFill.vcxproj", "{7ECC51D5-291C-42BE-AC16-29CE55A201FF}"
EndProject
Global
	GlobalSection(SolutionConfigurationPlatforms) = preSolution
		Debug|x64 = Debug|x64
		Debug|x86 = Debug|x86
		Release|x64 = Release|x64
		Release|x86 = Release|x86
	EndGlobalSection
	GlobalSection(ProjectConfigurationPlatforms) = postSolution
		{7ECC51D5-291C-42BE-AC16-29CE55A201FF}.Debug|x64.ActiveCfg = Debug|x64
		{7ECC51D5-291C-42BE-AC16-29CE55A201FF}.Debug|x64.Build.0 = Debug|x64
		{7ECC51D5-291C-42BE-AC16-29CE55A201FF}.Debug|x86.ActiveCfg = Debug|Win32
		{7ECC51D5-291C-42BE-AC16-29CE55A201FF}.Debug|x86.Build.0 = Debug|Win32
		{7ECC51D5-291C-42BE-AC16-29CE55A201FF}.Release|x64.ActiveCfg = Release|x64
		{7ECC51D5-291C-42BE-AC16-29CE55A201FF}.Release|x64.Build.0 = Release|x64
		{7ECC51D5-291C-42BE-AC16-29CE55A201FF}.Release|x86.ActiveCfg = Release|Win32
		{7ECC51D5-291C-42BE-AC16-29CE55A201FF}.Release|x86.Build.0 = Release|Win32
	EndGlobalSection
	GlobalSection(SolutionProperties) = preSolution
		HideSolutionNode = FALSE
	EndGlobalSection
	GlobalSection(ExtensibilityGlobals) = postSolution
		SolutionGuid = {A07B1E99-33FC-46AC-8F9E-B20ECEDB6CD4}
	EndGlobalSection
EndGlobal
