
Microsoft Visual Studio Solution File, Format Version 12.00
# Visual Studio Version 17
VisualStudioVersion = 17.3.32804.467
MinimumVisualStudioVersion = 10.0.40219.1
Project("{8BC9CEB8-8B4A-11D0-8D11-00A0C91BC942}") = "组合关系的析构顺序", "组合关系的析构顺序\组合关系的析构顺序.vcxproj", "{50555C0C-3CEA-4471-9A47-C1255A808CAD}"
EndProject
Global
	GlobalSection(SolutionConfigurationPlatforms) = preSolution
		Debug|x64 = Debug|x64
		Debug|x86 = Debug|x86
		Release|x64 = Release|x64
		Release|x86 = Release|x86
	EndGlobalSection
	GlobalSection(ProjectConfigurationPlatforms) = postSolution
		{50555C0C-3CEA-4471-9A47-C1255A808CAD}.Debug|x64.ActiveCfg = Debug|x64
		{50555C0C-3CEA-4471-9A47-C1255A808CAD}.Debug|x64.Build.0 = Debug|x64
		{50555C0C-3CEA-4471-9A47-C1255A808CAD}.Debug|x86.ActiveCfg = Debug|Win32
		{50555C0C-3CEA-4471-9A47-C1255A808CAD}.Debug|x86.Build.0 = Debug|Win32
		{50555C0C-3CEA-4471-9A47-C1255A808CAD}.Release|x64.ActiveCfg = Release|x64
		{50555C0C-3CEA-4471-9A47-C1255A808CAD}.Release|x64.Build.0 = Release|x64
		{50555C0C-3CEA-4471-9A47-C1255A808CAD}.Release|x86.ActiveCfg = Release|Win32
		{50555C0C-3CEA-4471-9A47-C1255A808CAD}.Release|x86.Build.0 = Release|Win32
	EndGlobalSection
	GlobalSection(SolutionProperties) = preSolution
		HideSolutionNode = FALSE
	EndGlobalSection
	GlobalSection(ExtensibilityGlobals) = postSolution
		SolutionGuid = {3D412E16-8C0C-4F97-86AC-9BDE56585B9F}
	EndGlobalSection
EndGlobal
