
Microsoft Visual Studio Solution File, Format Version 12.00
# Visual Studio 15
VisualStudioVersion = 15.0.28307.1500
MinimumVisualStudioVersion = 10.0.40219.1
Project("{8BC9CEB8-8B4A-11D0-8D11-00A0C91BC942}") = "NativeTest", "NativeTest\NativeTest.vcxproj", "{A941A060-CF8F-48E6-A0BB-4B1DEF5B04DF}"
EndProject
Global
	GlobalSection(SolutionConfigurationPlatforms) = preSolution
		Debug|x64 = Debug|x64
		Debug|x86 = Debug|x86
		Release|x64 = Release|x64
		Release|x86 = Release|x86
	EndGlobalSection
	GlobalSection(ProjectConfigurationPlatforms) = postSolution
		{A941A060-CF8F-48E6-A0BB-4B1DEF5B04DF}.Debug|x64.ActiveCfg = Debug|x64
		{A941A060-CF8F-48E6-A0BB-4B1DEF5B04DF}.Debug|x64.Build.0 = Debug|x64
		{A941A060-CF8F-48E6-A0BB-4B1DEF5B04DF}.Debug|x86.ActiveCfg = Debug|Win32
		{A941A060-CF8F-48E6-A0BB-4B1DEF5B04DF}.Debug|x86.Build.0 = Debug|Win32
		{A941A060-CF8F-48E6-A0BB-4B1DEF5B04DF}.Release|x64.ActiveCfg = Release|x64
		{A941A060-CF8F-48E6-A0BB-4B1DEF5B04DF}.Release|x64.Build.0 = Release|x64
		{A941A060-CF8F-48E6-A0BB-4B1DEF5B04DF}.Release|x86.ActiveCfg = Release|Win32
		{A941A060-CF8F-48E6-A0BB-4B1DEF5B04DF}.Release|x86.Build.0 = Release|Win32
	EndGlobalSection
	GlobalSection(SolutionProperties) = preSolution
		HideSolutionNode = FALSE
	EndGlobalSection
	GlobalSection(ExtensibilityGlobals) = postSolution
		SolutionGuid = {D7230E1B-F95F-4426-9BBB-AFB45B5FC4ED}
	EndGlobalSection
EndGlobal
