
Microsoft Visual Studio Solution File, Format Version 12.00
# Visual Studio Version 17
VisualStudioVersion = 17.3.32804.467
MinimumVisualStudioVersion = 10.0.40219.1
Project("{8BC9CEB8-8B4A-11D0-8D11-00A0C91BC942}") = "googleTest", "googleTest\googleTest.vcxproj", "{12C11B23-5F82-4A21-BBD1-E9CBC81E5F6B}"
EndProject
Global
	GlobalSection(SolutionConfigurationPlatforms) = preSolution
		Debug|ARM = Debug|ARM
		Debug|ARM64 = Debug|ARM64
		Debug|x64 = Debug|x64
		Debug|x86 = Debug|x86
		Release|ARM = Release|ARM
		Release|ARM64 = Release|ARM64
		Release|x64 = Release|x64
		Release|x86 = Release|x86
	EndGlobalSection
	GlobalSection(ProjectConfigurationPlatforms) = postSolution
		{12C11B23-5F82-4A21-BBD1-E9CBC81E5F6B}.Debug|ARM.ActiveCfg = Debug|ARM
		{12C11B23-5F82-4A21-BBD1-E9CBC81E5F6B}.Debug|ARM.Build.0 = Debug|ARM
		{12C11B23-5F82-4A21-BBD1-E9CBC81E5F6B}.Debug|ARM.Deploy.0 = Debug|ARM
		{12C11B23-5F82-4A21-BBD1-E9CBC81E5F6B}.Debug|ARM64.ActiveCfg = Debug|ARM64
		{12C11B23-5F82-4A21-BBD1-E9CBC81E5F6B}.Debug|ARM64.Build.0 = Debug|ARM64
		{12C11B23-5F82-4A21-BBD1-E9CBC81E5F6B}.Debug|ARM64.Deploy.0 = Debug|ARM64
		{12C11B23-5F82-4A21-BBD1-E9CBC81E5F6B}.Debug|x64.ActiveCfg = Debug|x64
		{12C11B23-5F82-4A21-BBD1-E9CBC81E5F6B}.Debug|x64.Build.0 = Debug|x64
		{12C11B23-5F82-4A21-BBD1-E9CBC81E5F6B}.Debug|x64.Deploy.0 = Debug|x64
		{12C11B23-5F82-4A21-BBD1-E9CBC81E5F6B}.Debug|x86.ActiveCfg = Debug|x86
		{12C11B23-5F82-4A21-BBD1-E9CBC81E5F6B}.Debug|x86.Build.0 = Debug|x86
		{12C11B23-5F82-4A21-BBD1-E9CBC81E5F6B}.Debug|x86.Deploy.0 = Debug|x86
		{12C11B23-5F82-4A21-BBD1-E9CBC81E5F6B}.Release|ARM.ActiveCfg = Release|ARM
		{12C11B23-5F82-4A21-BBD1-E9CBC81E5F6B}.Release|ARM.Build.0 = Release|ARM
		{12C11B23-5F82-4A21-BBD1-E9CBC81E5F6B}.Release|ARM.Deploy.0 = Release|ARM
		{12C11B23-5F82-4A21-BBD1-E9CBC81E5F6B}.Release|ARM64.ActiveCfg = Release|ARM64
		{12C11B23-5F82-4A21-BBD1-E9CBC81E5F6B}.Release|ARM64.Build.0 = Release|ARM64
		{12C11B23-5F82-4A21-BBD1-E9CBC81E5F6B}.Release|ARM64.Deploy.0 = Release|ARM64
		{12C11B23-5F82-4A21-BBD1-E9CBC81E5F6B}.Release|x64.ActiveCfg = Release|x64
		{12C11B23-5F82-4A21-BBD1-E9CBC81E5F6B}.Release|x64.Build.0 = Release|x64
		{12C11B23-5F82-4A21-BBD1-E9CBC81E5F6B}.Release|x64.Deploy.0 = Release|x64
		{12C11B23-5F82-4A21-BBD1-E9CBC81E5F6B}.Release|x86.ActiveCfg = Release|x86
		{12C11B23-5F82-4A21-BBD1-E9CBC81E5F6B}.Release|x86.Build.0 = Release|x86
		{12C11B23-5F82-4A21-BBD1-E9CBC81E5F6B}.Release|x86.Deploy.0 = Release|x86
	EndGlobalSection
	GlobalSection(SolutionProperties) = preSolution
		HideSolutionNode = FALSE
	EndGlobalSection
	GlobalSection(ExtensibilityGlobals) = postSolution
		SolutionGuid = {E4F3200B-B9FE-4F36-91BF-589CBAA81930}
	EndGlobalSection
EndGlobal
