
Microsoft Visual Studio Solution File, Format Version 12.00
# Visual Studio Version 17
VisualStudioVersion = 17.3.32804.467
MinimumVisualStudioVersion = 10.0.40219.1
Project("{888888A0-9F3D-457C-B088-3A5042F75D52}") = "spider", "spider\spider.pyproj", "{26DE5D93-F1B5-4407-B9A6-AB9B698B1BBF}"
EndProject
Global
	GlobalSection(SolutionConfigurationPlatforms) = preSolution
		Debug|Any CPU = Debug|Any CPU
		Release|Any CPU = Release|Any CPU
	EndGlobalSection
	GlobalSection(ProjectConfigurationPlatforms) = postSolution
		{26DE5D93-F1B5-4407-B9A6-AB9B698B1BBF}.Debug|Any CPU.ActiveCfg = Debug|Any CPU
		{26DE5D93-F1B5-4407-B9A6-AB9B698B1BBF}.Release|Any CPU.ActiveCfg = Release|Any CPU
	EndGlobalSection
	GlobalSection(SolutionProperties) = preSolution
		HideSolutionNode = FALSE
	EndGlobalSection
	GlobalSection(ExtensibilityGlobals) = postSolution
		SolutionGuid = {11EC94D6-9736-49B7-9423-B1BF78FE5276}
	EndGlobalSection
EndGlobal
