
Microsoft Visual Studio Solution File, Format Version 12.00
# Visual Studio Version 17
VisualStudioVersion = 17.3.32804.467
MinimumVisualStudioVersion = 10.0.40219.1
Project("{8BC9CEB8-8B4A-11D0-8D11-00A0C91BC942}") = "三路比较运算符", "三路比较运算符\三路比较运算符.vcxproj", "{C759BBC0-E38A-4F13-9859-E7C2377287ED}"
EndProject
Project("{8BC9CEB8-8B4A-11D0-8D11-00A0C91BC942}") = "noexcept", "noexcept\noexcept.vcxproj", "{FB4C2EAA-2EC7-4B01-918C-2326A19E6CDD}"
EndProject
Project("{8BC9CEB8-8B4A-11D0-8D11-00A0C91BC942}") = "成员变量指针、成员函数指针", "成员变量指针、成员函数指针\成员变量指针、成员函数指针.vcxproj", "{93BA8CDD-375A-4F3E-9E56-8E1DC6ABC7AD}"
EndProject
Project("{8BC9CEB8-8B4A-11D0-8D11-00A0C91BC942}") = "形参包", "形参包\形参包.vcxproj", "{48CD5583-D0DB-4EF1-8969-3A4084E70A2D}"
EndProject
Project("{8BC9CEB8-8B4A-11D0-8D11-00A0C91BC942}") = "折叠表达式", "折叠表达式\折叠表达式.vcxproj", "{3B59C74B-A76E-4DE6-B0F3-36B919D8224D}"
EndProject
Project("{8BC9CEB8-8B4A-11D0-8D11-00A0C91BC942}") = "值类别", "值类别\值类别.vcxproj", "{2BDC6FE4-2CCB-4719-9A7D-75A4D4E92860}"
EndProject
Project("{8BC9CEB8-8B4A-11D0-8D11-00A0C91BC942}") = "模板重定义", "模板重定义\模板重定义.vcxproj", "{CB9012BD-B9B6-4735-9137-218384FB22DF}"
EndProject
Project("{8BC9CEB8-8B4A-11D0-8D11-00A0C91BC942}") = "可变参数模板", "可变参数模板\可变参数模板.vcxproj", "{1C9BB6D0-051A-4EEF-925B-37C1857D1F70}"
EndProject
Project("{8BC9CEB8-8B4A-11D0-8D11-00A0C91BC942}") = "c++17类模板实参推导CTAD", "c++17类模板实参推导CTAD\c++17类模板实参推导CTAD.vcxproj", "{7E762B33-1CDC-4A5A-B245-9620020F3311}"
EndProject
Project("{8BC9CEB8-8B4A-11D0-8D11-00A0C91BC942}") = "初始化列表聚合初始化指派构造器Initializer_list", "初始化列表聚合初始化指派构造器Initializer_list\初始化列表聚合初始化指派构造器Initializer_list.vcxproj", "{C93A7E7A-9C59-476A-AD69-889D6D118ECE}"
EndProject
Project("{8BC9CEB8-8B4A-11D0-8D11-00A0C91BC942}") = "函数声明与定义", "函数声明与定义\函数声明与定义.vcxproj", "{6C1C7B78-E209-497F-8457-C2116C94CDBB}"
EndProject
Project("{8BC9CEB8-8B4A-11D0-8D11-00A0C91BC942}") = "编译器运行期融合", "编译器运行期融合\编译器运行期融合.vcxproj", "{C560F96F-1F0C-4D42-8F6C-B6C36F852168}"
EndProject
Project("{8BC9CEB8-8B4A-11D0-8D11-00A0C91BC942}") = "复制消除", "复制消除\复制消除.vcxproj", "{8873225A-D0B0-40F3-AEC5-6D3048B8F9D3}"
EndProject
Project("{8BC9CEB8-8B4A-11D0-8D11-00A0C91BC942}") = "名字查找", "名字查找\名字查找.vcxproj", "{F3CC5DF5-EA5E-45D8-B925-1957176D7AA9}"
EndProject
Project("{8BC9CEB8-8B4A-11D0-8D11-00A0C91BC942}") = "模板模板形参", "模板模板形参\模板模板形参.vcxproj", "{4DAD9F15-5116-46B8-9008-B37318D0BAEF}"
EndProject
Project("{8BC9CEB8-8B4A-11D0-8D11-00A0C91BC942}") = "待决名", "待决名\待决名.vcxproj", "{9FECAB23-02EE-407E-B4B8-A4770A1261BD}"
EndProject
Project("{8BC9CEB8-8B4A-11D0-8D11-00A0C91BC942}") = "待决名2", "待决名2\待决名2.vcxproj", "{82B4BDB7-3F6A-4346-99E5-AB8A763C4F02}"
EndProject
Project("{8BC9CEB8-8B4A-11D0-8D11-00A0C91BC942}") = "concept多态存储", "concept多态存储\concept多态存储.vcxproj", "{CA556BCC-69CA-4252-AD00-BDD19CE82B7D}"
EndProject
Project("{8BC9CEB8-8B4A-11D0-8D11-00A0C91BC942}") = "tuple遍历", "tuple遍历\tuple遍历.vcxproj", "{A70A449B-FB8E-4D0A-9035-3CD1EB75B4EB}"
EndProject
Project("{8BC9CEB8-8B4A-11D0-8D11-00A0C91BC942}") = "scope_guard", "scope_guard\scope_guard.vcxproj", "{A5093DCA-AA82-4371-B932-161D664F8BF6}"
EndProject
Project("{8BC9CEB8-8B4A-11D0-8D11-00A0C91BC942}") = "lambda", "lambda\lambda.vcxproj", "{13CDD819-4C70-4BFA-8130-EC19265B0029}"
EndProject
Project("{8BC9CEB8-8B4A-11D0-8D11-00A0C91BC942}") = "range", "range\range.vcxproj", "{02905AEA-6BC6-491C-8E72-D1B0A5F5EE31}"
EndProject
Project("{8BC9CEB8-8B4A-11D0-8D11-00A0C91BC942}") = "string_view", "string_view\string_view.vcxproj", "{D5A3F9E5-61A6-477D-9361-587CA06DB3AD}"
EndProject
Global
	GlobalSection(SolutionConfigurationPlatforms) = preSolution
		Debug|x64 = Debug|x64
		Debug|x86 = Debug|x86
		Release|x64 = Release|x64
		Release|x86 = Release|x86
	EndGlobalSection
	GlobalSection(ProjectConfigurationPlatforms) = postSolution
		{C759BBC0-E38A-4F13-9859-E7C2377287ED}.Debug|x64.ActiveCfg = Debug|x64
		{C759BBC0-E38A-4F13-9859-E7C2377287ED}.Debug|x64.Build.0 = Debug|x64
		{C759BBC0-E38A-4F13-9859-E7C2377287ED}.Debug|x86.ActiveCfg = Debug|Win32
		{C759BBC0-E38A-4F13-9859-E7C2377287ED}.Debug|x86.Build.0 = Debug|Win32
		{C759BBC0-E38A-4F13-9859-E7C2377287ED}.Release|x64.ActiveCfg = Release|x64
		{C759BBC0-E38A-4F13-9859-E7C2377287ED}.Release|x64.Build.0 = Release|x64
		{C759BBC0-E38A-4F13-9859-E7C2377287ED}.Release|x86.ActiveCfg = Release|Win32
		{C759BBC0-E38A-4F13-9859-E7C2377287ED}.Release|x86.Build.0 = Release|Win32
		{FB4C2EAA-2EC7-4B01-918C-2326A19E6CDD}.Debug|x64.ActiveCfg = Debug|x64
		{FB4C2EAA-2EC7-4B01-918C-2326A19E6CDD}.Debug|x64.Build.0 = Debug|x64
		{FB4C2EAA-2EC7-4B01-918C-2326A19E6CDD}.Debug|x86.ActiveCfg = Debug|Win32
		{FB4C2EAA-2EC7-4B01-918C-2326A19E6CDD}.Debug|x86.Build.0 = Debug|Win32
		{FB4C2EAA-2EC7-4B01-918C-2326A19E6CDD}.Release|x64.ActiveCfg = Release|x64
		{FB4C2EAA-2EC7-4B01-918C-2326A19E6CDD}.Release|x64.Build.0 = Release|x64
		{FB4C2EAA-2EC7-4B01-918C-2326A19E6CDD}.Release|x86.ActiveCfg = Release|Win32
		{FB4C2EAA-2EC7-4B01-918C-2326A19E6CDD}.Release|x86.Build.0 = Release|Win32
		{93BA8CDD-375A-4F3E-9E56-8E1DC6ABC7AD}.Debug|x64.ActiveCfg = Debug|x64
		{93BA8CDD-375A-4F3E-9E56-8E1DC6ABC7AD}.Debug|x64.Build.0 = Debug|x64
		{93BA8CDD-375A-4F3E-9E56-8E1DC6ABC7AD}.Debug|x86.ActiveCfg = Debug|Win32
		{93BA8CDD-375A-4F3E-9E56-8E1DC6ABC7AD}.Debug|x86.Build.0 = Debug|Win32
		{93BA8CDD-375A-4F3E-9E56-8E1DC6ABC7AD}.Release|x64.ActiveCfg = Release|x64
		{93BA8CDD-375A-4F3E-9E56-8E1DC6ABC7AD}.Release|x64.Build.0 = Release|x64
		{93BA8CDD-375A-4F3E-9E56-8E1DC6ABC7AD}.Release|x86.ActiveCfg = Release|Win32
		{93BA8CDD-375A-4F3E-9E56-8E1DC6ABC7AD}.Release|x86.Build.0 = Release|Win32
		{48CD5583-D0DB-4EF1-8969-3A4084E70A2D}.Debug|x64.ActiveCfg = Debug|x64
		{48CD5583-D0DB-4EF1-8969-3A4084E70A2D}.Debug|x64.Build.0 = Debug|x64
		{48CD5583-D0DB-4EF1-8969-3A4084E70A2D}.Debug|x86.ActiveCfg = Debug|Win32
		{48CD5583-D0DB-4EF1-8969-3A4084E70A2D}.Debug|x86.Build.0 = Debug|Win32
		{48CD5583-D0DB-4EF1-8969-3A4084E70A2D}.Release|x64.ActiveCfg = Release|x64
		{48CD5583-D0DB-4EF1-8969-3A4084E70A2D}.Release|x64.Build.0 = Release|x64
		{48CD5583-D0DB-4EF1-8969-3A4084E70A2D}.Release|x86.ActiveCfg = Release|Win32
		{48CD5583-D0DB-4EF1-8969-3A4084E70A2D}.Release|x86.Build.0 = Release|Win32
		{3B59C74B-A76E-4DE6-B0F3-36B919D8224D}.Debug|x64.ActiveCfg = Debug|x64
		{3B59C74B-A76E-4DE6-B0F3-36B919D8224D}.Debug|x64.Build.0 = Debug|x64
		{3B59C74B-A76E-4DE6-B0F3-36B919D8224D}.Debug|x86.ActiveCfg = Debug|Win32
		{3B59C74B-A76E-4DE6-B0F3-36B919D8224D}.Debug|x86.Build.0 = Debug|Win32
		{3B59C74B-A76E-4DE6-B0F3-36B919D8224D}.Release|x64.ActiveCfg = Release|x64
		{3B59C74B-A76E-4DE6-B0F3-36B919D8224D}.Release|x64.Build.0 = Release|x64
		{3B59C74B-A76E-4DE6-B0F3-36B919D8224D}.Release|x86.ActiveCfg = Release|Win32
		{3B59C74B-A76E-4DE6-B0F3-36B919D8224D}.Release|x86.Build.0 = Release|Win32
		{2BDC6FE4-2CCB-4719-9A7D-75A4D4E92860}.Debug|x64.ActiveCfg = Debug|x64
		{2BDC6FE4-2CCB-4719-9A7D-75A4D4E92860}.Debug|x64.Build.0 = Debug|x64
		{2BDC6FE4-2CCB-4719-9A7D-75A4D4E92860}.Debug|x86.ActiveCfg = Debug|Win32
		{2BDC6FE4-2CCB-4719-9A7D-75A4D4E92860}.Debug|x86.Build.0 = Debug|Win32
		{2BDC6FE4-2CCB-4719-9A7D-75A4D4E92860}.Release|x64.ActiveCfg = Release|x64
		{2BDC6FE4-2CCB-4719-9A7D-75A4D4E92860}.Release|x64.Build.0 = Release|x64
		{2BDC6FE4-2CCB-4719-9A7D-75A4D4E92860}.Release|x86.ActiveCfg = Release|Win32
		{2BDC6FE4-2CCB-4719-9A7D-75A4D4E92860}.Release|x86.Build.0 = Release|Win32
		{CB9012BD-B9B6-4735-9137-218384FB22DF}.Debug|x64.ActiveCfg = Debug|x64
		{CB9012BD-B9B6-4735-9137-218384FB22DF}.Debug|x64.Build.0 = Debug|x64
		{CB9012BD-B9B6-4735-9137-218384FB22DF}.Debug|x86.ActiveCfg = Debug|Win32
		{CB9012BD-B9B6-4735-9137-218384FB22DF}.Debug|x86.Build.0 = Debug|Win32
		{CB9012BD-B9B6-4735-9137-218384FB22DF}.Release|x64.ActiveCfg = Release|x64
		{CB9012BD-B9B6-4735-9137-218384FB22DF}.Release|x64.Build.0 = Release|x64
		{CB9012BD-B9B6-4735-9137-218384FB22DF}.Release|x86.ActiveCfg = Release|Win32
		{CB9012BD-B9B6-4735-9137-218384FB22DF}.Release|x86.Build.0 = Release|Win32
		{1C9BB6D0-051A-4EEF-925B-37C1857D1F70}.Debug|x64.ActiveCfg = Debug|x64
		{1C9BB6D0-051A-4EEF-925B-37C1857D1F70}.Debug|x64.Build.0 = Debug|x64
		{1C9BB6D0-051A-4EEF-925B-37C1857D1F70}.Debug|x86.ActiveCfg = Debug|Win32
		{1C9BB6D0-051A-4EEF-925B-37C1857D1F70}.Debug|x86.Build.0 = Debug|Win32
		{1C9BB6D0-051A-4EEF-925B-37C1857D1F70}.Release|x64.ActiveCfg = Release|x64
		{1C9BB6D0-051A-4EEF-925B-37C1857D1F70}.Release|x64.Build.0 = Release|x64
		{1C9BB6D0-051A-4EEF-925B-37C1857D1F70}.Release|x86.ActiveCfg = Release|Win32
		{1C9BB6D0-051A-4EEF-925B-37C1857D1F70}.Release|x86.Build.0 = Release|Win32
		{7E762B33-1CDC-4A5A-B245-9620020F3311}.Debug|x64.ActiveCfg = Debug|x64
		{7E762B33-1CDC-4A5A-B245-9620020F3311}.Debug|x64.Build.0 = Debug|x64
		{7E762B33-1CDC-4A5A-B245-9620020F3311}.Debug|x86.ActiveCfg = Debug|Win32
		{7E762B33-1CDC-4A5A-B245-9620020F3311}.Debug|x86.Build.0 = Debug|Win32
		{7E762B33-1CDC-4A5A-B245-9620020F3311}.Release|x64.ActiveCfg = Release|x64
		{7E762B33-1CDC-4A5A-B245-9620020F3311}.Release|x64.Build.0 = Release|x64
		{7E762B33-1CDC-4A5A-B245-9620020F3311}.Release|x86.ActiveCfg = Release|Win32
		{7E762B33-1CDC-4A5A-B245-9620020F3311}.Release|x86.Build.0 = Release|Win32
		{C93A7E7A-9C59-476A-AD69-889D6D118ECE}.Debug|x64.ActiveCfg = Debug|x64
		{C93A7E7A-9C59-476A-AD69-889D6D118ECE}.Debug|x64.Build.0 = Debug|x64
		{C93A7E7A-9C59-476A-AD69-889D6D118ECE}.Debug|x86.ActiveCfg = Debug|Win32
		{C93A7E7A-9C59-476A-AD69-889D6D118ECE}.Debug|x86.Build.0 = Debug|Win32
		{C93A7E7A-9C59-476A-AD69-889D6D118ECE}.Release|x64.ActiveCfg = Release|x64
		{C93A7E7A-9C59-476A-AD69-889D6D118ECE}.Release|x64.Build.0 = Release|x64
		{C93A7E7A-9C59-476A-AD69-889D6D118ECE}.Release|x86.ActiveCfg = Release|Win32
		{C93A7E7A-9C59-476A-AD69-889D6D118ECE}.Release|x86.Build.0 = Release|Win32
		{6C1C7B78-E209-497F-8457-C2116C94CDBB}.Debug|x64.ActiveCfg = Debug|x64
		{6C1C7B78-E209-497F-8457-C2116C94CDBB}.Debug|x64.Build.0 = Debug|x64
		{6C1C7B78-E209-497F-8457-C2116C94CDBB}.Debug|x86.ActiveCfg = Debug|Win32
		{6C1C7B78-E209-497F-8457-C2116C94CDBB}.Debug|x86.Build.0 = Debug|Win32
		{6C1C7B78-E209-497F-8457-C2116C94CDBB}.Release|x64.ActiveCfg = Release|x64
		{6C1C7B78-E209-497F-8457-C2116C94CDBB}.Release|x64.Build.0 = Release|x64
		{6C1C7B78-E209-497F-8457-C2116C94CDBB}.Release|x86.ActiveCfg = Release|Win32
		{6C1C7B78-E209-497F-8457-C2116C94CDBB}.Release|x86.Build.0 = Release|Win32
		{C560F96F-1F0C-4D42-8F6C-B6C36F852168}.Debug|x64.ActiveCfg = Debug|x64
		{C560F96F-1F0C-4D42-8F6C-B6C36F852168}.Debug|x64.Build.0 = Debug|x64
		{C560F96F-1F0C-4D42-8F6C-B6C36F852168}.Debug|x86.ActiveCfg = Debug|Win32
		{C560F96F-1F0C-4D42-8F6C-B6C36F852168}.Debug|x86.Build.0 = Debug|Win32
		{C560F96F-1F0C-4D42-8F6C-B6C36F852168}.Release|x64.ActiveCfg = Release|x64
		{C560F96F-1F0C-4D42-8F6C-B6C36F852168}.Release|x64.Build.0 = Release|x64
		{C560F96F-1F0C-4D42-8F6C-B6C36F852168}.Release|x86.ActiveCfg = Release|Win32
		{C560F96F-1F0C-4D42-8F6C-B6C36F852168}.Release|x86.Build.0 = Release|Win32
		{8873225A-D0B0-40F3-AEC5-6D3048B8F9D3}.Debug|x64.ActiveCfg = Debug|x64
		{8873225A-D0B0-40F3-AEC5-6D3048B8F9D3}.Debug|x64.Build.0 = Debug|x64
		{8873225A-D0B0-40F3-AEC5-6D3048B8F9D3}.Debug|x86.ActiveCfg = Debug|Win32
		{8873225A-D0B0-40F3-AEC5-6D3048B8F9D3}.Debug|x86.Build.0 = Debug|Win32
		{8873225A-D0B0-40F3-AEC5-6D3048B8F9D3}.Release|x64.ActiveCfg = Release|x64
		{8873225A-D0B0-40F3-AEC5-6D3048B8F9D3}.Release|x64.Build.0 = Release|x64
		{8873225A-D0B0-40F3-AEC5-6D3048B8F9D3}.Release|x86.ActiveCfg = Release|Win32
		{8873225A-D0B0-40F3-AEC5-6D3048B8F9D3}.Release|x86.Build.0 = Release|Win32
		{F3CC5DF5-EA5E-45D8-B925-1957176D7AA9}.Debug|x64.ActiveCfg = Debug|x64
		{F3CC5DF5-EA5E-45D8-B925-1957176D7AA9}.Debug|x64.Build.0 = Debug|x64
		{F3CC5DF5-EA5E-45D8-B925-1957176D7AA9}.Debug|x86.ActiveCfg = Debug|Win32
		{F3CC5DF5-EA5E-45D8-B925-1957176D7AA9}.Debug|x86.Build.0 = Debug|Win32
		{F3CC5DF5-EA5E-45D8-B925-1957176D7AA9}.Release|x64.ActiveCfg = Release|x64
		{F3CC5DF5-EA5E-45D8-B925-1957176D7AA9}.Release|x64.Build.0 = Release|x64
		{F3CC5DF5-EA5E-45D8-B925-1957176D7AA9}.Release|x86.ActiveCfg = Release|Win32
		{F3CC5DF5-EA5E-45D8-B925-1957176D7AA9}.Release|x86.Build.0 = Release|Win32
		{4DAD9F15-5116-46B8-9008-B37318D0BAEF}.Debug|x64.ActiveCfg = Debug|x64
		{4DAD9F15-5116-46B8-9008-B37318D0BAEF}.Debug|x64.Build.0 = Debug|x64
		{4DAD9F15-5116-46B8-9008-B37318D0BAEF}.Debug|x86.ActiveCfg = Debug|Win32
		{4DAD9F15-5116-46B8-9008-B37318D0BAEF}.Debug|x86.Build.0 = Debug|Win32
		{4DAD9F15-5116-46B8-9008-B37318D0BAEF}.Release|x64.ActiveCfg = Release|x64
		{4DAD9F15-5116-46B8-9008-B37318D0BAEF}.Release|x64.Build.0 = Release|x64
		{4DAD9F15-5116-46B8-9008-B37318D0BAEF}.Release|x86.ActiveCfg = Release|Win32
		{4DAD9F15-5116-46B8-9008-B37318D0BAEF}.Release|x86.Build.0 = Release|Win32
		{9FECAB23-02EE-407E-B4B8-A4770A1261BD}.Debug|x64.ActiveCfg = Debug|x64
		{9FECAB23-02EE-407E-B4B8-A4770A1261BD}.Debug|x64.Build.0 = Debug|x64
		{9FECAB23-02EE-407E-B4B8-A4770A1261BD}.Debug|x86.ActiveCfg = Debug|Win32
		{9FECAB23-02EE-407E-B4B8-A4770A1261BD}.Debug|x86.Build.0 = Debug|Win32
		{9FECAB23-02EE-407E-B4B8-A4770A1261BD}.Release|x64.ActiveCfg = Release|x64
		{9FECAB23-02EE-407E-B4B8-A4770A1261BD}.Release|x64.Build.0 = Release|x64
		{9FECAB23-02EE-407E-B4B8-A4770A1261BD}.Release|x86.ActiveCfg = Release|Win32
		{9FECAB23-02EE-407E-B4B8-A4770A1261BD}.Release|x86.Build.0 = Release|Win32
		{82B4BDB7-3F6A-4346-99E5-AB8A763C4F02}.Debug|x64.ActiveCfg = Debug|x64
		{82B4BDB7-3F6A-4346-99E5-AB8A763C4F02}.Debug|x64.Build.0 = Debug|x64
		{82B4BDB7-3F6A-4346-99E5-AB8A763C4F02}.Debug|x86.ActiveCfg = Debug|Win32
		{82B4BDB7-3F6A-4346-99E5-AB8A763C4F02}.Debug|x86.Build.0 = Debug|Win32
		{82B4BDB7-3F6A-4346-99E5-AB8A763C4F02}.Release|x64.ActiveCfg = Release|x64
		{82B4BDB7-3F6A-4346-99E5-AB8A763C4F02}.Release|x64.Build.0 = Release|x64
		{82B4BDB7-3F6A-4346-99E5-AB8A763C4F02}.Release|x86.ActiveCfg = Release|Win32
		{82B4BDB7-3F6A-4346-99E5-AB8A763C4F02}.Release|x86.Build.0 = Release|Win32
		{CA556BCC-69CA-4252-AD00-BDD19CE82B7D}.Debug|x64.ActiveCfg = Debug|x64
		{CA556BCC-69CA-4252-AD00-BDD19CE82B7D}.Debug|x64.Build.0 = Debug|x64
		{CA556BCC-69CA-4252-AD00-BDD19CE82B7D}.Debug|x86.ActiveCfg = Debug|Win32
		{CA556BCC-69CA-4252-AD00-BDD19CE82B7D}.Debug|x86.Build.0 = Debug|Win32
		{CA556BCC-69CA-4252-AD00-BDD19CE82B7D}.Release|x64.ActiveCfg = Release|x64
		{CA556BCC-69CA-4252-AD00-BDD19CE82B7D}.Release|x64.Build.0 = Release|x64
		{CA556BCC-69CA-4252-AD00-BDD19CE82B7D}.Release|x86.ActiveCfg = Release|Win32
		{CA556BCC-69CA-4252-AD00-BDD19CE82B7D}.Release|x86.Build.0 = Release|Win32
		{A70A449B-FB8E-4D0A-9035-3CD1EB75B4EB}.Debug|x64.ActiveCfg = Debug|x64
		{A70A449B-FB8E-4D0A-9035-3CD1EB75B4EB}.Debug|x64.Build.0 = Debug|x64
		{A70A449B-FB8E-4D0A-9035-3CD1EB75B4EB}.Debug|x86.ActiveCfg = Debug|Win32
		{A70A449B-FB8E-4D0A-9035-3CD1EB75B4EB}.Debug|x86.Build.0 = Debug|Win32
		{A70A449B-FB8E-4D0A-9035-3CD1EB75B4EB}.Release|x64.ActiveCfg = Release|x64
		{A70A449B-FB8E-4D0A-9035-3CD1EB75B4EB}.Release|x64.Build.0 = Release|x64
		{A70A449B-FB8E-4D0A-9035-3CD1EB75B4EB}.Release|x86.ActiveCfg = Release|Win32
		{A70A449B-FB8E-4D0A-9035-3CD1EB75B4EB}.Release|x86.Build.0 = Release|Win32
		{A5093DCA-AA82-4371-B932-161D664F8BF6}.Debug|x64.ActiveCfg = Debug|x64
		{A5093DCA-AA82-4371-B932-161D664F8BF6}.Debug|x64.Build.0 = Debug|x64
		{A5093DCA-AA82-4371-B932-161D664F8BF6}.Debug|x86.ActiveCfg = Debug|Win32
		{A5093DCA-AA82-4371-B932-161D664F8BF6}.Debug|x86.Build.0 = Debug|Win32
		{A5093DCA-AA82-4371-B932-161D664F8BF6}.Release|x64.ActiveCfg = Release|x64
		{A5093DCA-AA82-4371-B932-161D664F8BF6}.Release|x64.Build.0 = Release|x64
		{A5093DCA-AA82-4371-B932-161D664F8BF6}.Release|x86.ActiveCfg = Release|Win32
		{A5093DCA-AA82-4371-B932-161D664F8BF6}.Release|x86.Build.0 = Release|Win32
		{13CDD819-4C70-4BFA-8130-EC19265B0029}.Debug|x64.ActiveCfg = Debug|x64
		{13CDD819-4C70-4BFA-8130-EC19265B0029}.Debug|x64.Build.0 = Debug|x64
		{13CDD819-4C70-4BFA-8130-EC19265B0029}.Debug|x86.ActiveCfg = Debug|Win32
		{13CDD819-4C70-4BFA-8130-EC19265B0029}.Debug|x86.Build.0 = Debug|Win32
		{13CDD819-4C70-4BFA-8130-EC19265B0029}.Release|x64.ActiveCfg = Release|x64
		{13CDD819-4C70-4BFA-8130-EC19265B0029}.Release|x64.Build.0 = Release|x64
		{13CDD819-4C70-4BFA-8130-EC19265B0029}.Release|x86.ActiveCfg = Release|Win32
		{13CDD819-4C70-4BFA-8130-EC19265B0029}.Release|x86.Build.0 = Release|Win32
		{02905AEA-6BC6-491C-8E72-D1B0A5F5EE31}.Debug|x64.ActiveCfg = Debug|x64
		{02905AEA-6BC6-491C-8E72-D1B0A5F5EE31}.Debug|x64.Build.0 = Debug|x64
		{02905AEA-6BC6-491C-8E72-D1B0A5F5EE31}.Debug|x86.ActiveCfg = Debug|Win32
		{02905AEA-6BC6-491C-8E72-D1B0A5F5EE31}.Debug|x86.Build.0 = Debug|Win32
		{02905AEA-6BC6-491C-8E72-D1B0A5F5EE31}.Release|x64.ActiveCfg = Release|x64
		{02905AEA-6BC6-491C-8E72-D1B0A5F5EE31}.Release|x64.Build.0 = Release|x64
		{02905AEA-6BC6-491C-8E72-D1B0A5F5EE31}.Release|x86.ActiveCfg = Release|Win32
		{02905AEA-6BC6-491C-8E72-D1B0A5F5EE31}.Release|x86.Build.0 = Release|Win32
		{D5A3F9E5-61A6-477D-9361-587CA06DB3AD}.Debug|x64.ActiveCfg = Debug|x64
		{D5A3F9E5-61A6-477D-9361-587CA06DB3AD}.Debug|x64.Build.0 = Debug|x64
		{D5A3F9E5-61A6-477D-9361-587CA06DB3AD}.Debug|x86.ActiveCfg = Debug|Win32
		{D5A3F9E5-61A6-477D-9361-587CA06DB3AD}.Debug|x86.Build.0 = Debug|Win32
		{D5A3F9E5-61A6-477D-9361-587CA06DB3AD}.Release|x64.ActiveCfg = Release|x64
		{D5A3F9E5-61A6-477D-9361-587CA06DB3AD}.Release|x64.Build.0 = Release|x64
		{D5A3F9E5-61A6-477D-9361-587CA06DB3AD}.Release|x86.ActiveCfg = Release|Win32
		{D5A3F9E5-61A6-477D-9361-587CA06DB3AD}.Release|x86.Build.0 = Release|Win32
	EndGlobalSection
	GlobalSection(SolutionProperties) = preSolution
		HideSolutionNode = FALSE
	EndGlobalSection
	GlobalSection(ExtensibilityGlobals) = postSolution
		SolutionGuid = {7249007A-D4B8-4013-8691-12AEE15127A3}
	EndGlobalSection
EndGlobal
